
Microsoft Visual Studio Solution File, Format Version 12.00
# Visual Studio Version 17
VisualStudioVersion = 17.8.34525.116
MinimumVisualStudioVersion = 10.0.40219.1
Project("{FAE04EC0-301F-11D3-BF4B-00C04F79EFBC}") = "Click&Snup", "Click&Snup\Click&Snup.csproj", "{A9108A63-97AD-4581-B5F2-60462601513D}"
EndProject
Global
	GlobalSection(SolutionConfigurationPlatforms) = preSolution
		Debug|Any CPU = Debug|Any CPU
		Release|Any CPU = Release|Any CPU
	EndGlobalSection
	GlobalSection(ProjectConfigurationPlatforms) = postSolution
		{A9108A63-97AD-4581-B5F2-60462601513D}.Debug|Any CPU.ActiveCfg = Debug|Any CPU
		{A9108A63-97AD-4581-B5F2-60462601513D}.Debug|Any CPU.Build.0 = Debug|Any CPU
		{A9108A63-97AD-4581-B5F2-60462601513D}.Release|Any CPU.ActiveCfg = Release|Any CPU
		{A9108A63-97AD-4581-B5F2-60462601513D}.Release|Any CPU.Build.0 = Release|Any CPU
	EndGlobalSection
	GlobalSection(SolutionProperties) = preSolution
		HideSolutionNode = FALSE
	EndGlobalSection
	GlobalSection(ExtensibilityGlobals) = postSolution
		SolutionGuid = {F17BC8CA-9CD1-4724-89AD-AAF12C2F4521}
	EndGlobalSection
EndGlobal
